
Microsoft Visual Studio Solution File, Format Version 12.00
# Visual Studio Version 16
VisualStudioVersion = 16.0.28803.452
MinimumVisualStudioVersion = 10.0.40219.1
Project("{FAE04EC0-301F-11D3-BF4B-00C04F79EFBC}") = "proyecto aerolinea", "proyecto aerolinea\proyecto aerolinea.csproj", "{EEE285DB-D017-4109-83BD-DFEBAC288802}"
EndProject
Global
	GlobalSection(SolutionConfigurationPlatforms) = preSolution
		Debug|Any CPU = Debug|Any CPU
		Release|Any CPU = Release|Any CPU
	EndGlobalSection
	GlobalSection(ProjectConfigurationPlatforms) = postSolution
		{EEE285DB-D017-4109-83BD-DFEBAC288802}.Debug|Any CPU.ActiveCfg = Debug|Any CPU
		{EEE285DB-D017-4109-83BD-DFEBAC288802}.Debug|Any CPU.Build.0 = Debug|Any CPU
		{EEE285DB-D017-4109-83BD-DFEBAC288802}.Release|Any CPU.ActiveCfg = Release|Any CPU
		{EEE285DB-D017-4109-83BD-DFEBAC288802}.Release|Any CPU.Build.0 = Release|Any CPU
	EndGlobalSection
	GlobalSection(SolutionProperties) = preSolution
		HideSolutionNode = FALSE
	EndGlobalSection
	GlobalSection(ExtensibilityGlobals) = postSolution
		SolutionGuid = {1814C02B-38E7-4CE7-96D9-1AD40E9A80A0}
	EndGlobalSection
EndGlobal
